
Microsoft Visual Studio Solution File, Format Version 12.00
# Visual Studio 15
VisualStudioVersion = 15.0.26730.16
MinimumVisualStudioVersion = 10.0.40219.1
Project("{FAE04EC0-301F-11D3-BF4B-00C04F79EFBC}") = "HospManSys", "HospManSys\HospManSys.csproj", "{A6DB96B2-8A06-4334-93D4-398F7A047FAF}"
EndProject
Global
	GlobalSection(SolutionConfigurationPlatforms) = preSolution
		Debug|Any CPU = Debug|Any CPU
		Release|Any CPU = Release|Any CPU
	EndGlobalSection
	GlobalSection(ProjectConfigurationPlatforms) = postSolution
		{A6DB96B2-8A06-4334-93D4-398F7A047FAF}.Debug|Any CPU.ActiveCfg = Debug|Any CPU
		{A6DB96B2-8A06-4334-93D4-398F7A047FAF}.Debug|Any CPU.Build.0 = Debug|Any CPU
		{A6DB96B2-8A06-4334-93D4-398F7A047FAF}.Release|Any CPU.ActiveCfg = Release|Any CPU
		{A6DB96B2-8A06-4334-93D4-398F7A047FAF}.Release|Any CPU.Build.0 = Release|Any CPU
	EndGlobalSection
	GlobalSection(SolutionProperties) = preSolution
		HideSolutionNode = FALSE
	EndGlobalSection
	GlobalSection(ExtensibilityGlobals) = postSolution
		SolutionGuid = {5CEA7280-2A1C-465D-AB2A-B530BE153B29}
	EndGlobalSection
EndGlobal
